
Microsoft Visual Studio Solution File, Format Version 12.00
# Visual Studio Version 16
VisualStudioVersion = 16.0.29230.47
MinimumVisualStudioVersion = 10.0.40219.1
Project("{FAE04EC0-301F-11D3-BF4B-00C04F79EFBC}") = "ProjectWebPage", "ProjectWebPage\ProjectWebPage.csproj", "{A178BDC4-681A-4518-AADB-1AFF71F29B36}"
EndProject
Global
	GlobalSection(SolutionConfigurationPlatforms) = preSolution
		Debug|Any CPU = Debug|Any CPU
		Release|Any CPU = Release|Any CPU
	EndGlobalSection
	GlobalSection(ProjectConfigurationPlatforms) = postSolution
		{A178BDC4-681A-4518-AADB-1AFF71F29B36}.Debug|Any CPU.ActiveCfg = Debug|Any CPU
		{A178BDC4-681A-4518-AADB-1AFF71F29B36}.Debug|Any CPU.Build.0 = Debug|Any CPU
		{A178BDC4-681A-4518-AADB-1AFF71F29B36}.Release|Any CPU.ActiveCfg = Release|Any CPU
		{A178BDC4-681A-4518-AADB-1AFF71F29B36}.Release|Any CPU.Build.0 = Release|Any CPU
	EndGlobalSection
	GlobalSection(SolutionProperties) = preSolution
		HideSolutionNode = FALSE
	EndGlobalSection
	GlobalSection(ExtensibilityGlobals) = postSolution
		SolutionGuid = {145DAFAB-7347-48F2-A7ED-E35A36D4BAC7}
	EndGlobalSection
EndGlobal
